// !$*UTF8*$!
{
	archiveVersion = 1;
	classes = {
	};
	objectVersion = 50;
	objects = {

/* Begin PBXBuildFile section */
		DA19533A2365D81A00CAE531 /* main.m in Sources */ = {isa = PBXBuildFile; fileRef = DA1953392365D81A00CAE531 /* main.m */; };
		DA1953482365D89A00CAE531 /* CWGraph.m in Sources */ = {isa = PBXBuildFile; fileRef = DA1953402365D89900CAE531 /* CWGraph.m */; };
		DA1953492365D89A00CAE531 /* CWStackList.m in Sources */ = {isa = PBXBuildFile; fileRef = DA1953412365D89900CAE531 /* CWStackList.m */; };
		DA19534A2365D89A00CAE531 /* CWBinaryHeap.m in Sources */ = {isa = PBXBuildFile; fileRef = DA1953422365D89900CAE531 /* CWBinaryHeap.m */; };
		DA19534B2365D89A00CAE531 /* CWQueueList.m in Sources */ = {isa = PBXBuildFile; fileRef = DA1953432365D89A00CAE531 /* CWQueueList.m */; };
/* End PBXBuildFile section */

/* Begin PBXCopyFilesBuildPhase section */
		DA1953342365D81A00CAE531 /* CopyFiles */ = {
			isa = PBXCopyFilesBuildPhase;
			buildActionMask = 2147483647;
			dstPath = /usr/share/man/man1/;
			dstSubfolderSpec = 0;
			files = (
			);
			runOnlyForDeploymentPostprocessing = 1;
		};
/* End PBXCopyFilesBuildPhase section */

/* Begin PBXFileReference section */
		DA1953362365D81A00CAE531 /* 01-Dijkstra(最短路径) */ = {isa = PBXFileReference; explicitFileType = "compiled.mach-o.executable"; includeInIndex = 0; path = "01-Dijkstra(最短路径)"; sourceTree = BUILT_PRODUCTS_DIR; };
		DA1953392365D81A00CAE531 /* main.m */ = {isa = PBXFileReference; lastKnownFileType = sourcecode.c.objc; path = main.m; sourceTree = "<group>"; };
		DA1953402365D89900CAE531 /* CWGraph.m */ = {isa = PBXFileReference; fileEncoding = 4; lastKnownFileType = sourcecode.c.objc; path = CWGraph.m; sourceTree = "<group>"; };
		DA1953412365D89900CAE531 /* CWStackList.m */ = {isa = PBXFileReference; fileEncoding = 4; lastKnownFileType = sourcecode.c.objc; path = CWStackList.m; sourceTree = "<group>"; };
		DA1953422365D89900CAE531 /* CWBinaryHeap.m */ = {isa = PBXFileReference; fileEncoding = 4; lastKnownFileType = sourcecode.c.objc; path = CWBinaryHeap.m; sourceTree = "<group>"; };
		DA1953432365D89A00CAE531 /* CWQueueList.m */ = {isa = PBXFileReference; fileEncoding = 4; lastKnownFileType = sourcecode.c.objc; path = CWQueueList.m; sourceTree = "<group>"; };
		DA1953442365D89A00CAE531 /* CWQueueList.h */ = {isa = PBXFileReference; fileEncoding = 4; lastKnownFileType = sourcecode.c.h; path = CWQueueList.h; sourceTree = "<group>"; };
		DA1953452365D89A00CAE531 /* CWStackList.h */ = {isa = PBXFileReference; fileEncoding = 4; lastKnownFileType = sourcecode.c.h; path = CWStackList.h; sourceTree = "<group>"; };
		DA1953462365D89A00CAE531 /* CWGraph.h */ = {isa = PBXFileReference; fileEncoding = 4; lastKnownFileType = sourcecode.c.h; path = CWGraph.h; sourceTree = "<group>"; };
		DA1953472365D89A00CAE531 /* CWBinaryHeap.h */ = {isa = PBXFileReference; fileEncoding = 4; lastKnownFileType = sourcecode.c.h; path = CWBinaryHeap.h; sourceTree = "<group>"; };
/* End PBXFileReference section */

/* Begin PBXFrameworksBuildPhase section */
		DA1953332365D81A00CAE531 /* Frameworks */ = {
			isa = PBXFrameworksBuildPhase;
			buildActionMask = 2147483647;
			files = (
			);
			runOnlyForDeploymentPostprocessing = 0;
		};
/* End PBXFrameworksBuildPhase section */

/* Begin PBXGroup section */
		DA19532D2365D81900CAE531 = {
			isa = PBXGroup;
			children = (
				DA1953382365D81A00CAE531 /* 01-Dijkstra(最短路径) */,
				DA1953372365D81A00CAE531 /* Products */,
			);
			sourceTree = "<group>";
		};
		DA1953372365D81A00CAE531 /* Products */ = {
			isa = PBXGroup;
			children = (
				DA1953362365D81A00CAE531 /* 01-Dijkstra(最短路径) */,
			);
			name = Products;
			sourceTree = "<group>";
		};
		DA1953382365D81A00CAE531 /* 01-Dijkstra(最短路径) */ = {
			isa = PBXGroup;
			children = (
				DA1953392365D81A00CAE531 /* main.m */,
				DA1953472365D89A00CAE531 /* CWBinaryHeap.h */,
				DA1953422365D89900CAE531 /* CWBinaryHeap.m */,
				DA1953462365D89A00CAE531 /* CWGraph.h */,
				DA1953402365D89900CAE531 /* CWGraph.m */,
				DA1953442365D89A00CAE531 /* CWQueueList.h */,
				DA1953432365D89A00CAE531 /* CWQueueList.m */,
				DA1953452365D89A00CAE531 /* CWStackList.h */,
				DA1953412365D89900CAE531 /* CWStackList.m */,
			);
			path = "01-Dijkstra(最短路径)";
			sourceTree = "<group>";
		};
/* End PBXGroup section */

/* Begin PBXNativeTarget section */
		DA1953352365D81A00CAE531 /* 01-Dijkstra(最短路径) */ = {
			isa = PBXNativeTarget;
			buildConfigurationList = DA19533D2365D81A00CAE531 /* Build configuration list for PBXNativeTarget "01-Dijkstra(最短路径)" */;
			buildPhases = (
				DA1953322365D81A00CAE531 /* Sources */,
				DA1953332365D81A00CAE531 /* Frameworks */,
				DA1953342365D81A00CAE531 /* CopyFiles */,
			);
			buildRules = (
			);
			dependencies = (
			);
			name = "01-Dijkstra(最短路径)";
			productName = "01-Dijkstra(最短路径)";
			productReference = DA1953362365D81A00CAE531 /* 01-Dijkstra(最短路径) */;
			productType = "com.apple.product-type.tool";
		};
/* End PBXNativeTarget section */

/* Begin PBXProject section */
		DA19532E2365D81900CAE531 /* Project object */ = {
			isa = PBXProject;
			attributes = {
				LastUpgradeCheck = 1100;
				ORGANIZATIONNAME = cjw;
				TargetAttributes = {
					DA1953352365D81A00CAE531 = {
						CreatedOnToolsVersion = 11.0;
					};
				};
			};
			buildConfigurationList = DA1953312365D81900CAE531 /* Build configuration list for PBXProject "01-Dijkstra(最短路径)" */;
			compatibilityVersion = "Xcode 9.3";
			developmentRegion = en;
			hasScannedForEncodings = 0;
			knownRegions = (
				en,
				Base,
			);
			mainGroup = DA19532D2365D81900CAE531;
			productRefGroup = DA1953372365D81A00CAE531 /* Products */;
			projectDirPath = "";
			projectRoot = "";
			targets = (
				DA1953352365D81A00CAE531 /* 01-Dijkstra(最短路径) */,
			);
		};
/* End PBXProject section */

/* Begin PBXSourcesBuildPhase section */
		DA1953322365D81A00CAE531 /* Sources */ = {
			isa = PBXSourcesBuildPhase;
			buildActionMask = 2147483647;
			files = (
				DA1953482365D89A00CAE531 /* CWGraph.m in Sources */,
				DA1953492365D89A00CAE531 /* CWStackList.m in Sources */,
				DA19534A2365D89A00CAE531 /* CWBinaryHeap.m in Sources */,
				DA19533A2365D81A00CAE531 /* main.m in Sources */,
				DA19534B2365D89A00CAE531 /* CWQueueList.m in Sources */,
			);
			runOnlyForDeploymentPostprocessing = 0;
		};
/* End PBXSourcesBuildPhase section */

/* Begin XCBuildConfiguration section */
		DA19533B2365D81A00CAE531 /* Debug */ = {
			isa = XCBuildConfiguration;
			buildSettings = {
				ALWAYS_SEARCH_USER_PATHS = NO;
				CLANG_ANALYZER_NONNULL = YES;
				CLANG_ANALYZER_NUMBER_OBJECT_CONVERSION = YES_AGGRESSIVE;
				CLANG_CXX_LANGUAGE_STANDARD = "gnu++14";
				CLANG_CXX_LIBRARY = "libc++";
				CLANG_ENABLE_MODULES = YES;
				CLANG_ENABLE_OBJC_ARC = YES;
				CLANG_ENABLE_OBJC_WEAK = YES;
				CLANG_WARN_BLOCK_CAPTURE_AUTORELEASING = YES;
				CLANG_WARN_BOOL_CONVERSION = YES;
				CLANG_WARN_COMMA = YES;
				CLANG_WARN_CONSTANT_CONVERSION = YES;
				CLANG_WARN_DEPRECATED_OBJC_IMPLEMENTATIONS = YES;
				CLANG_WARN_DIRECT_OBJC_ISA_USAGE = YES_ERROR;
				CLANG_WARN_DOCUMENTATION_COMMENTS = YES;
				CLANG_WARN_EMPTY_BODY = YES;
				CLANG_WARN_ENUM_CONVERSION = YES;
				CLANG_WARN_INFINITE_RECURSION = YES;
				CLANG_WARN_INT_CONVERSION = YES;
				CLANG_WARN_NON_LITERAL_NULL_CONVERSION = YES;
				CLANG_WARN_OBJC_IMPLICIT_RETAIN_SELF = YES;
				CLANG_WARN_OBJC_LITERAL_CONVERSION = YES;
				CLANG_WARN_OBJC_ROOT_CLASS = YES_ERROR;
				CLANG_WARN_RANGE_LOOP_ANALYSIS = YES;
				CLANG_WARN_STRICT_PROTOTYPES = YES;
				CLANG_WARN_SUSPICIOUS_MOVE = YES;
				CLANG_WARN_UNGUARDED_AVAILABILITY = YES_AGGRESSIVE;
				CLANG_WARN_UNREACHABLE_CODE = YES;
				CLANG_WARN__DUPLICATE_METHOD_MATCH = YES;
				COPY_PHASE_STRIP = NO;
				DEBUG_INFORMATION_FORMAT = dwarf;
				ENABLE_STRICT_OBJC_MSGSEND = YES;
				ENABLE_TESTABILITY = YES;
				GCC_C_LANGUAGE_STANDARD = gnu11;
				GCC_DYNAMIC_NO_PIC = NO;
				GCC_NO_COMMON_BLOCKS = YES;
				GCC_OPTIMIZATION_LEVEL = 0;
				GCC_PREPROCESSOR_DEFINITIONS = (
					"DEBUG=1",
					"$(inherited)",
				);
				GCC_WARN_64_TO_32_BIT_CONVERSION = YES;
				GCC_WARN_ABOUT_RETURN_TYPE = YES_ERROR;
				GCC_WARN_UNDECLARED_SELECTOR = YES;
				GCC_WARN_UNINITIALIZED_AUTOS = YES_AGGRESSIVE;
				GCC_WARN_UNUSED_FUNCTION = YES;
				GCC_WARN_UNUSED_VARIABLE = YES;
				MACOSX_DEPLOYMENT_TARGET = 10.14;
				MTL_ENABLE_DEBUG_INFO = INCLUDE_SOURCE;
				MTL_FAST_MATH = YES;
				ONLY_ACTIVE_ARCH = YES;
				SDKROOT = macosx;
			};
			name = Debug;
		};
		DA19533C2365D81A00CAE531 /* Release */ = {
			isa = XCBuildConfiguration;
			buildSettings = {
				ALWAYS_SEARCH_USER_PATHS = NO;
				CLANG_ANALYZER_NONNULL = YES;
				CLANG_ANALYZER_NUMBER_OBJECT_CONVERSION = YES_AGGRESSIVE;
				CLANG_CXX_LANGUAGE_STANDARD = "gnu++14";
				CLANG_CXX_LIBRARY = "libc++";
				CLANG_ENABLE_MODULES = YES;
				CLANG_ENABLE_OBJC_ARC = YES;
				CLANG_ENABLE_OBJC_WEAK = YES;
				CLANG_WARN_BLOCK_CAPTURE_AUTORELEASING = YES;
				CLANG_WARN_BOOL_CONVERSION = YES;
				CLANG_WARN_COMMA = YES;
				CLANG_WARN_CONSTANT_CONVERSION = YES;
				CLANG_WARN_DEPRECATED_OBJC_IMPLEMENTATIONS = YES;
				CLANG_WARN_DIRECT_OBJC_ISA_USAGE = YES_ERROR;
				CLANG_WARN_DOCUMENTATION_COMMENTS = YES;
				CLANG_WARN_EMPTY_BODY = YES;
				CLANG_WARN_ENUM_CONVERSION = YES;
				CLANG_WARN_INFINITE_RECURSION = YES;
				CLANG_WARN_INT_CONVERSION = YES;
				CLANG_WARN_NON_LITERAL_NULL_CONVERSION = YES;
				CLANG_WARN_OBJC_IMPLICIT_RETAIN_SELF = YES;
				CLANG_WARN_OBJC_LITERAL_CONVERSION = YES;
				CLANG_WARN_OBJC_ROOT_CLASS = YES_ERROR;
				CLANG_WARN_RANGE_LOOP_ANALYSIS = YES;
				CLANG_WARN_STRICT_PROTOTYPES = YES;
				CLANG_WARN_SUSPICIOUS_MOVE = YES;
				CLANG_WARN_UNGUARDED_AVAILABILITY = YES_AGGRESSIVE;
				CLANG_WARN_UNREACHABLE_CODE = YES;
				CLANG_WARN__DUPLICATE_METHOD_MATCH = YES;
				COPY_PHASE_STRIP = NO;
				DEBUG_INFORMATION_FORMAT = "dwarf-with-dsym";
				ENABLE_NS_ASSERTIONS = NO;
				ENABLE_STRICT_OBJC_MSGSEND = YES;
				GCC_C_LANGUAGE_STANDARD = gnu11;
				GCC_NO_COMMON_BLOCKS = YES;
				GCC_WARN_64_TO_32_BIT_CONVERSION = YES;
				GCC_WARN_ABOUT_RETURN_TYPE = YES_ERROR;
				GCC_WARN_UNDECLARED_SELECTOR = YES;
				GCC_WARN_UNINITIALIZED_AUTOS = YES_AGGRESSIVE;
				GCC_WARN_UNUSED_FUNCTION = YES;
				GCC_WARN_UNUSED_VARIABLE = YES;
				MACOSX_DEPLOYMENT_TARGET = 10.14;
				MTL_ENABLE_DEBUG_INFO = NO;
				MTL_FAST_MATH = YES;
				SDKROOT = macosx;
			};
			name = Release;
		};
		DA19533E2365D81A00CAE531 /* Debug */ = {
			isa = XCBuildConfiguration;
			buildSettings = {
				CODE_SIGN_STYLE = Automatic;
				PRODUCT_NAME = "$(TARGET_NAME)";
			};
			name = Debug;
		};
		DA19533F2365D81A00CAE531 /* Release */ = {
			isa = XCBuildConfiguration;
			buildSettings = {
				CODE_SIGN_STYLE = Automatic;
				PRODUCT_NAME = "$(TARGET_NAME)";
			};
			name = Release;
		};
/* End XCBuildConfiguration section */

/* Begin XCConfigurationList section */
		DA1953312365D81900CAE531 /* Build configuration list for PBXProject "01-Dijkstra(最短路径)" */ = {
			isa = XCConfigurationList;
			buildConfigurations = (
				DA19533B2365D81A00CAE531 /* Debug */,
				DA19533C2365D81A00CAE531 /* Release */,
			);
			defaultConfigurationIsVisible = 0;
			defaultConfigurationName = Release;
		};
		DA19533D2365D81A00CAE531 /* Build configuration list for PBXNativeTarget "01-Dijkstra(最短路径)" */ = {
			isa = XCConfigurationList;
			buildConfigurations = (
				DA19533E2365D81A00CAE531 /* Debug */,
				DA19533F2365D81A00CAE531 /* Release */,
			);
			defaultConfigurationIsVisible = 0;
			defaultConfigurationName = Release;
		};
/* End XCConfigurationList section */
	};
	rootObject = DA19532E2365D81900CAE531 /* Project object */;
}
