// !$*UTF8*$!
{
	archiveVersion = 1;
	classes = {
	};
	objectVersion = 50;
	objects = {

/* Begin PBXBuildFile section */
		04556BD122AFA1AB0052BAC5 /* MJInorderPrinter.m in Sources */ = {isa = PBXBuildFile; fileRef = 04556BC822AFA1AB0052BAC5 /* MJInorderPrinter.m */; };
		04556BD222AFA1AB0052BAC5 /* MJLevelOrderPrinter.m in Sources */ = {isa = PBXBuildFile; fileRef = 04556BCA22AFA1AB0052BAC5 /* MJLevelOrderPrinter.m */; };
		04556BD322AFA1AB0052BAC5 /* MJPrinter.m in Sources */ = {isa = PBXBuildFile; fileRef = 04556BCB22AFA1AB0052BAC5 /* MJPrinter.m */; };
		04556BD422AFA1AB0052BAC5 /* MJBinaryTrees.m in Sources */ = {isa = PBXBuildFile; fileRef = 04556BCF22AFA1AB0052BAC5 /* MJBinaryTrees.m */; };
		04556BD522AFA1AB0052BAC5 /* NSString+Trees.m in Sources */ = {isa = PBXBuildFile; fileRef = 04556BD022AFA1AB0052BAC5 /* NSString+Trees.m */; };
		04556BD822AFA1D90052BAC5 /* CWHashMap.m in Sources */ = {isa = PBXBuildFile; fileRef = 04556BD722AFA1D90052BAC5 /* CWHashMap.m */; };
		0488E4DE22B0D5C800AB7D22 /* CWHashMapCompare.m in Sources */ = {isa = PBXBuildFile; fileRef = 0488E4DD22B0D5C800AB7D22 /* CWHashMapCompare.m */; };
		04BE584B22AE2E8600C415F9 /* CWHashMapModel.m in Sources */ = {isa = PBXBuildFile; fileRef = 04BE584A22AE2E8600C415F9 /* CWHashMapModel.m */; };
		DAEE218822ACFF8400C815A6 /* main.m in Sources */ = {isa = PBXBuildFile; fileRef = DAEE218722ACFF8400C815A6 /* main.m */; };
/* End PBXBuildFile section */

/* Begin PBXCopyFilesBuildPhase section */
		DAEE218222ACFF8300C815A6 /* CopyFiles */ = {
			isa = PBXCopyFilesBuildPhase;
			buildActionMask = 2147483647;
			dstPath = /usr/share/man/man1/;
			dstSubfolderSpec = 0;
			files = (
			);
			runOnlyForDeploymentPostprocessing = 1;
		};
/* End PBXCopyFilesBuildPhase section */

/* Begin PBXFileReference section */
		04556BC522AFA1AB0052BAC5 /* MJBinaryTrees.h */ = {isa = PBXFileReference; fileEncoding = 4; lastKnownFileType = sourcecode.c.h; path = MJBinaryTrees.h; sourceTree = "<group>"; };
		04556BC722AFA1AB0052BAC5 /* MJLevelOrderPrinter.h */ = {isa = PBXFileReference; fileEncoding = 4; lastKnownFileType = sourcecode.c.h; path = MJLevelOrderPrinter.h; sourceTree = "<group>"; };
		04556BC822AFA1AB0052BAC5 /* MJInorderPrinter.m */ = {isa = PBXFileReference; fileEncoding = 4; lastKnownFileType = sourcecode.c.objc; path = MJInorderPrinter.m; sourceTree = "<group>"; };
		04556BC922AFA1AB0052BAC5 /* MJPrinter.h */ = {isa = PBXFileReference; fileEncoding = 4; lastKnownFileType = sourcecode.c.h; path = MJPrinter.h; sourceTree = "<group>"; };
		04556BCA22AFA1AB0052BAC5 /* MJLevelOrderPrinter.m */ = {isa = PBXFileReference; fileEncoding = 4; lastKnownFileType = sourcecode.c.objc; path = MJLevelOrderPrinter.m; sourceTree = "<group>"; };
		04556BCB22AFA1AB0052BAC5 /* MJPrinter.m */ = {isa = PBXFileReference; fileEncoding = 4; lastKnownFileType = sourcecode.c.objc; path = MJPrinter.m; sourceTree = "<group>"; };
		04556BCC22AFA1AB0052BAC5 /* MJInorderPrinter.h */ = {isa = PBXFileReference; fileEncoding = 4; lastKnownFileType = sourcecode.c.h; path = MJInorderPrinter.h; sourceTree = "<group>"; };
		04556BCD22AFA1AB0052BAC5 /* NSString+Trees.h */ = {isa = PBXFileReference; fileEncoding = 4; lastKnownFileType = sourcecode.c.h; path = "NSString+Trees.h"; sourceTree = "<group>"; };
		04556BCE22AFA1AB0052BAC5 /* MJBinaryTreeInfo.h */ = {isa = PBXFileReference; fileEncoding = 4; lastKnownFileType = sourcecode.c.h; path = MJBinaryTreeInfo.h; sourceTree = "<group>"; };
		04556BCF22AFA1AB0052BAC5 /* MJBinaryTrees.m */ = {isa = PBXFileReference; fileEncoding = 4; lastKnownFileType = sourcecode.c.objc; path = MJBinaryTrees.m; sourceTree = "<group>"; };
		04556BD022AFA1AB0052BAC5 /* NSString+Trees.m */ = {isa = PBXFileReference; fileEncoding = 4; lastKnownFileType = sourcecode.c.objc; path = "NSString+Trees.m"; sourceTree = "<group>"; };
		04556BD622AFA1D90052BAC5 /* CWHashMap.h */ = {isa = PBXFileReference; lastKnownFileType = sourcecode.c.h; path = CWHashMap.h; sourceTree = "<group>"; };
		04556BD722AFA1D90052BAC5 /* CWHashMap.m */ = {isa = PBXFileReference; lastKnownFileType = sourcecode.c.objc; path = CWHashMap.m; sourceTree = "<group>"; };
		0488E4DC22B0D5C800AB7D22 /* CWHashMapCompare.h */ = {isa = PBXFileReference; lastKnownFileType = sourcecode.c.h; path = CWHashMapCompare.h; sourceTree = "<group>"; };
		0488E4DD22B0D5C800AB7D22 /* CWHashMapCompare.m */ = {isa = PBXFileReference; lastKnownFileType = sourcecode.c.objc; path = CWHashMapCompare.m; sourceTree = "<group>"; };
		04BE584922AE2E8600C415F9 /* CWHashMapModel.h */ = {isa = PBXFileReference; lastKnownFileType = sourcecode.c.h; path = CWHashMapModel.h; sourceTree = "<group>"; };
		04BE584A22AE2E8600C415F9 /* CWHashMapModel.m */ = {isa = PBXFileReference; lastKnownFileType = sourcecode.c.objc; path = CWHashMapModel.m; sourceTree = "<group>"; };
		DAEE218422ACFF8300C815A6 /* 13-哈希值(hash) */ = {isa = PBXFileReference; explicitFileType = "compiled.mach-o.executable"; includeInIndex = 0; path = "13-哈希值(hash)"; sourceTree = BUILT_PRODUCTS_DIR; };
		DAEE218722ACFF8400C815A6 /* main.m */ = {isa = PBXFileReference; lastKnownFileType = sourcecode.c.objc; path = main.m; sourceTree = "<group>"; };
/* End PBXFileReference section */

/* Begin PBXFrameworksBuildPhase section */
		DAEE218122ACFF8300C815A6 /* Frameworks */ = {
			isa = PBXFrameworksBuildPhase;
			buildActionMask = 2147483647;
			files = (
			);
			runOnlyForDeploymentPostprocessing = 0;
		};
/* End PBXFrameworksBuildPhase section */

/* Begin PBXGroup section */
		04556BC422AFA1AB0052BAC5 /* MJBinaryTrees */ = {
			isa = PBXGroup;
			children = (
				04556BC522AFA1AB0052BAC5 /* MJBinaryTrees.h */,
				04556BC622AFA1AB0052BAC5 /* MJPrinter */,
				04556BCD22AFA1AB0052BAC5 /* NSString+Trees.h */,
				04556BCE22AFA1AB0052BAC5 /* MJBinaryTreeInfo.h */,
				04556BCF22AFA1AB0052BAC5 /* MJBinaryTrees.m */,
				04556BD022AFA1AB0052BAC5 /* NSString+Trees.m */,
			);
			path = MJBinaryTrees;
			sourceTree = "<group>";
		};
		04556BC622AFA1AB0052BAC5 /* MJPrinter */ = {
			isa = PBXGroup;
			children = (
				04556BC722AFA1AB0052BAC5 /* MJLevelOrderPrinter.h */,
				04556BC822AFA1AB0052BAC5 /* MJInorderPrinter.m */,
				04556BC922AFA1AB0052BAC5 /* MJPrinter.h */,
				04556BCA22AFA1AB0052BAC5 /* MJLevelOrderPrinter.m */,
				04556BCB22AFA1AB0052BAC5 /* MJPrinter.m */,
				04556BCC22AFA1AB0052BAC5 /* MJInorderPrinter.h */,
			);
			path = MJPrinter;
			sourceTree = "<group>";
		};
		DAEE217B22ACFF8300C815A6 = {
			isa = PBXGroup;
			children = (
				DAEE218622ACFF8300C815A6 /* 13-哈希值(hash) */,
				DAEE218522ACFF8300C815A6 /* Products */,
			);
			sourceTree = "<group>";
		};
		DAEE218522ACFF8300C815A6 /* Products */ = {
			isa = PBXGroup;
			children = (
				DAEE218422ACFF8300C815A6 /* 13-哈希值(hash) */,
			);
			name = Products;
			sourceTree = "<group>";
		};
		DAEE218622ACFF8300C815A6 /* 13-哈希值(hash) */ = {
			isa = PBXGroup;
			children = (
				DAEE218722ACFF8400C815A6 /* main.m */,
				04BE584922AE2E8600C415F9 /* CWHashMapModel.h */,
				04BE584A22AE2E8600C415F9 /* CWHashMapModel.m */,
				04556BD622AFA1D90052BAC5 /* CWHashMap.h */,
				04556BD722AFA1D90052BAC5 /* CWHashMap.m */,
				0488E4DC22B0D5C800AB7D22 /* CWHashMapCompare.h */,
				0488E4DD22B0D5C800AB7D22 /* CWHashMapCompare.m */,
				04556BC422AFA1AB0052BAC5 /* MJBinaryTrees */,
			);
			path = "13-哈希值(hash)";
			sourceTree = "<group>";
		};
/* End PBXGroup section */

/* Begin PBXNativeTarget section */
		DAEE218322ACFF8300C815A6 /* 13-哈希值(hash) */ = {
			isa = PBXNativeTarget;
			buildConfigurationList = DAEE218B22ACFF8400C815A6 /* Build configuration list for PBXNativeTarget "13-哈希值(hash)" */;
			buildPhases = (
				DAEE218022ACFF8300C815A6 /* Sources */,
				DAEE218122ACFF8300C815A6 /* Frameworks */,
				DAEE218222ACFF8300C815A6 /* CopyFiles */,
			);
			buildRules = (
			);
			dependencies = (
			);
			name = "13-哈希值(hash)";
			productName = "13-哈希值(hash)";
			productReference = DAEE218422ACFF8300C815A6 /* 13-哈希值(hash) */;
			productType = "com.apple.product-type.tool";
		};
/* End PBXNativeTarget section */

/* Begin PBXProject section */
		DAEE217C22ACFF8300C815A6 /* Project object */ = {
			isa = PBXProject;
			attributes = {
				LastUpgradeCheck = 0940;
				ORGANIZATIONNAME = cjw;
				TargetAttributes = {
					DAEE218322ACFF8300C815A6 = {
						CreatedOnToolsVersion = 9.4;
					};
				};
			};
			buildConfigurationList = DAEE217F22ACFF8300C815A6 /* Build configuration list for PBXProject "13-哈希值(hash)" */;
			compatibilityVersion = "Xcode 9.3";
			developmentRegion = en;
			hasScannedForEncodings = 0;
			knownRegions = (
				en,
			);
			mainGroup = DAEE217B22ACFF8300C815A6;
			productRefGroup = DAEE218522ACFF8300C815A6 /* Products */;
			projectDirPath = "";
			projectRoot = "";
			targets = (
				DAEE218322ACFF8300C815A6 /* 13-哈希值(hash) */,
			);
		};
/* End PBXProject section */

/* Begin PBXSourcesBuildPhase section */
		DAEE218022ACFF8300C815A6 /* Sources */ = {
			isa = PBXSourcesBuildPhase;
			buildActionMask = 2147483647;
			files = (
				DAEE218822ACFF8400C815A6 /* main.m in Sources */,
				0488E4DE22B0D5C800AB7D22 /* CWHashMapCompare.m in Sources */,
				04556BD322AFA1AB0052BAC5 /* MJPrinter.m in Sources */,
				04556BD822AFA1D90052BAC5 /* CWHashMap.m in Sources */,
				04556BD522AFA1AB0052BAC5 /* NSString+Trees.m in Sources */,
				04556BD122AFA1AB0052BAC5 /* MJInorderPrinter.m in Sources */,
				04BE584B22AE2E8600C415F9 /* CWHashMapModel.m in Sources */,
				04556BD222AFA1AB0052BAC5 /* MJLevelOrderPrinter.m in Sources */,
				04556BD422AFA1AB0052BAC5 /* MJBinaryTrees.m in Sources */,
			);
			runOnlyForDeploymentPostprocessing = 0;
		};
/* End PBXSourcesBuildPhase section */

/* Begin XCBuildConfiguration section */
		DAEE218922ACFF8400C815A6 /* Debug */ = {
			isa = XCBuildConfiguration;
			buildSettings = {
				ALWAYS_SEARCH_USER_PATHS = NO;
				CLANG_ANALYZER_NONNULL = YES;
				CLANG_ANALYZER_NUMBER_OBJECT_CONVERSION = YES_AGGRESSIVE;
				CLANG_CXX_LANGUAGE_STANDARD = "gnu++14";
				CLANG_CXX_LIBRARY = "libc++";
				CLANG_ENABLE_MODULES = YES;
				CLANG_ENABLE_OBJC_ARC = YES;
				CLANG_ENABLE_OBJC_WEAK = YES;
				CLANG_WARN_BLOCK_CAPTURE_AUTORELEASING = YES;
				CLANG_WARN_BOOL_CONVERSION = YES;
				CLANG_WARN_COMMA = YES;
				CLANG_WARN_CONSTANT_CONVERSION = YES;
				CLANG_WARN_DEPRECATED_OBJC_IMPLEMENTATIONS = YES;
				CLANG_WARN_DIRECT_OBJC_ISA_USAGE = YES_ERROR;
				CLANG_WARN_DOCUMENTATION_COMMENTS = YES;
				CLANG_WARN_EMPTY_BODY = YES;
				CLANG_WARN_ENUM_CONVERSION = YES;
				CLANG_WARN_INFINITE_RECURSION = YES;
				CLANG_WARN_INT_CONVERSION = YES;
				CLANG_WARN_NON_LITERAL_NULL_CONVERSION = YES;
				CLANG_WARN_OBJC_IMPLICIT_RETAIN_SELF = YES;
				CLANG_WARN_OBJC_LITERAL_CONVERSION = YES;
				CLANG_WARN_OBJC_ROOT_CLASS = YES_ERROR;
				CLANG_WARN_RANGE_LOOP_ANALYSIS = YES;
				CLANG_WARN_STRICT_PROTOTYPES = YES;
				CLANG_WARN_SUSPICIOUS_MOVE = YES;
				CLANG_WARN_UNGUARDED_AVAILABILITY = YES_AGGRESSIVE;
				CLANG_WARN_UNREACHABLE_CODE = YES;
				CLANG_WARN__DUPLICATE_METHOD_MATCH = YES;
				CODE_SIGN_IDENTITY = "-";
				COPY_PHASE_STRIP = NO;
				DEBUG_INFORMATION_FORMAT = dwarf;
				ENABLE_STRICT_OBJC_MSGSEND = YES;
				ENABLE_TESTABILITY = YES;
				GCC_C_LANGUAGE_STANDARD = gnu11;
				GCC_DYNAMIC_NO_PIC = NO;
				GCC_NO_COMMON_BLOCKS = YES;
				GCC_OPTIMIZATION_LEVEL = 0;
				GCC_PREPROCESSOR_DEFINITIONS = (
					"DEBUG=1",
					"$(inherited)",
				);
				GCC_WARN_64_TO_32_BIT_CONVERSION = YES;
				GCC_WARN_ABOUT_RETURN_TYPE = YES_ERROR;
				GCC_WARN_UNDECLARED_SELECTOR = YES;
				GCC_WARN_UNINITIALIZED_AUTOS = YES_AGGRESSIVE;
				GCC_WARN_UNUSED_FUNCTION = YES;
				GCC_WARN_UNUSED_VARIABLE = YES;
				MACOSX_DEPLOYMENT_TARGET = 10.13;
				MTL_ENABLE_DEBUG_INFO = YES;
				ONLY_ACTIVE_ARCH = YES;
				SDKROOT = macosx;
			};
			name = Debug;
		};
		DAEE218A22ACFF8400C815A6 /* Release */ = {
			isa = XCBuildConfiguration;
			buildSettings = {
				ALWAYS_SEARCH_USER_PATHS = NO;
				CLANG_ANALYZER_NONNULL = YES;
				CLANG_ANALYZER_NUMBER_OBJECT_CONVERSION = YES_AGGRESSIVE;
				CLANG_CXX_LANGUAGE_STANDARD = "gnu++14";
				CLANG_CXX_LIBRARY = "libc++";
				CLANG_ENABLE_MODULES = YES;
				CLANG_ENABLE_OBJC_ARC = YES;
				CLANG_ENABLE_OBJC_WEAK = YES;
				CLANG_WARN_BLOCK_CAPTURE_AUTORELEASING = YES;
				CLANG_WARN_BOOL_CONVERSION = YES;
				CLANG_WARN_COMMA = YES;
				CLANG_WARN_CONSTANT_CONVERSION = YES;
				CLANG_WARN_DEPRECATED_OBJC_IMPLEMENTATIONS = YES;
				CLANG_WARN_DIRECT_OBJC_ISA_USAGE = YES_ERROR;
				CLANG_WARN_DOCUMENTATION_COMMENTS = YES;
				CLANG_WARN_EMPTY_BODY = YES;
				CLANG_WARN_ENUM_CONVERSION = YES;
				CLANG_WARN_INFINITE_RECURSION = YES;
				CLANG_WARN_INT_CONVERSION = YES;
				CLANG_WARN_NON_LITERAL_NULL_CONVERSION = YES;
				CLANG_WARN_OBJC_IMPLICIT_RETAIN_SELF = YES;
				CLANG_WARN_OBJC_LITERAL_CONVERSION = YES;
				CLANG_WARN_OBJC_ROOT_CLASS = YES_ERROR;
				CLANG_WARN_RANGE_LOOP_ANALYSIS = YES;
				CLANG_WARN_STRICT_PROTOTYPES = YES;
				CLANG_WARN_SUSPICIOUS_MOVE = YES;
				CLANG_WARN_UNGUARDED_AVAILABILITY = YES_AGGRESSIVE;
				CLANG_WARN_UNREACHABLE_CODE = YES;
				CLANG_WARN__DUPLICATE_METHOD_MATCH = YES;
				CODE_SIGN_IDENTITY = "-";
				COPY_PHASE_STRIP = NO;
				DEBUG_INFORMATION_FORMAT = "dwarf-with-dsym";
				ENABLE_NS_ASSERTIONS = NO;
				ENABLE_STRICT_OBJC_MSGSEND = YES;
				GCC_C_LANGUAGE_STANDARD = gnu11;
				GCC_NO_COMMON_BLOCKS = YES;
				GCC_WARN_64_TO_32_BIT_CONVERSION = YES;
				GCC_WARN_ABOUT_RETURN_TYPE = YES_ERROR;
				GCC_WARN_UNDECLARED_SELECTOR = YES;
				GCC_WARN_UNINITIALIZED_AUTOS = YES_AGGRESSIVE;
				GCC_WARN_UNUSED_FUNCTION = YES;
				GCC_WARN_UNUSED_VARIABLE = YES;
				MACOSX_DEPLOYMENT_TARGET = 10.13;
				MTL_ENABLE_DEBUG_INFO = NO;
				SDKROOT = macosx;
			};
			name = Release;
		};
		DAEE218C22ACFF8400C815A6 /* Debug */ = {
			isa = XCBuildConfiguration;
			buildSettings = {
				CODE_SIGN_STYLE = Automatic;
				PRODUCT_NAME = "$(TARGET_NAME)";
			};
			name = Debug;
		};
		DAEE218D22ACFF8400C815A6 /* Release */ = {
			isa = XCBuildConfiguration;
			buildSettings = {
				CODE_SIGN_STYLE = Automatic;
				PRODUCT_NAME = "$(TARGET_NAME)";
			};
			name = Release;
		};
/* End XCBuildConfiguration section */

/* Begin XCConfigurationList section */
		DAEE217F22ACFF8300C815A6 /* Build configuration list for PBXProject "13-哈希值(hash)" */ = {
			isa = XCConfigurationList;
			buildConfigurations = (
				DAEE218922ACFF8400C815A6 /* Debug */,
				DAEE218A22ACFF8400C815A6 /* Release */,
			);
			defaultConfigurationIsVisible = 0;
			defaultConfigurationName = Release;
		};
		DAEE218B22ACFF8400C815A6 /* Build configuration list for PBXNativeTarget "13-哈希值(hash)" */ = {
			isa = XCConfigurationList;
			buildConfigurations = (
				DAEE218C22ACFF8400C815A6 /* Debug */,
				DAEE218D22ACFF8400C815A6 /* Release */,
			);
			defaultConfigurationIsVisible = 0;
			defaultConfigurationName = Release;
		};
/* End XCConfigurationList section */
	};
	rootObject = DAEE217C22ACFF8300C815A6 /* Project object */;
}
