// !$*UTF8*$!
{
	archiveVersion = 1;
	classes = {
	};
	objectVersion = 50;
	objects = {

/* Begin PBXBuildFile section */
		041E2F312282C26600E796BD /* main.m in Sources */ = {isa = PBXBuildFile; fileRef = 041E2F302282C26600E796BD /* main.m */; };
		041E2F392282C27800E796BD /* CWArrayList.m in Sources */ = {isa = PBXBuildFile; fileRef = 041E2F382282C27800E796BD /* CWArrayList.m */; };
		041E2F3F2282C2FB00E796BD /* CWArrayListEModel.m in Sources */ = {isa = PBXBuildFile; fileRef = 041E2F3E2282C2FB00E796BD /* CWArrayListEModel.m */; };
/* End PBXBuildFile section */

/* Begin PBXCopyFilesBuildPhase section */
		041E2F2B2282C26600E796BD /* CopyFiles */ = {
			isa = PBXCopyFilesBuildPhase;
			buildActionMask = 2147483647;
			dstPath = /usr/share/man/man1/;
			dstSubfolderSpec = 0;
			files = (
			);
			runOnlyForDeploymentPostprocessing = 1;
		};
/* End PBXCopyFilesBuildPhase section */

/* Begin PBXFileReference section */
		041E2F2D2282C26600E796BD /* 02-动态数组(Dynamic) */ = {isa = PBXFileReference; explicitFileType = "compiled.mach-o.executable"; includeInIndex = 0; path = "02-动态数组(Dynamic)"; sourceTree = BUILT_PRODUCTS_DIR; };
		041E2F302282C26600E796BD /* main.m */ = {isa = PBXFileReference; lastKnownFileType = sourcecode.c.objc; path = main.m; sourceTree = "<group>"; };
		041E2F372282C27800E796BD /* CWArrayList.h */ = {isa = PBXFileReference; fileEncoding = 4; lastKnownFileType = sourcecode.c.h; path = CWArrayList.h; sourceTree = "<group>"; };
		041E2F382282C27800E796BD /* CWArrayList.m */ = {isa = PBXFileReference; fileEncoding = 4; lastKnownFileType = sourcecode.c.objc; path = CWArrayList.m; sourceTree = "<group>"; };
		041E2F3D2282C2FB00E796BD /* CWArrayListEModel.h */ = {isa = PBXFileReference; lastKnownFileType = sourcecode.c.h; path = CWArrayListEModel.h; sourceTree = "<group>"; };
		041E2F3E2282C2FB00E796BD /* CWArrayListEModel.m */ = {isa = PBXFileReference; lastKnownFileType = sourcecode.c.objc; path = CWArrayListEModel.m; sourceTree = "<group>"; };
/* End PBXFileReference section */

/* Begin PBXFrameworksBuildPhase section */
		041E2F2A2282C26600E796BD /* Frameworks */ = {
			isa = PBXFrameworksBuildPhase;
			buildActionMask = 2147483647;
			files = (
			);
			runOnlyForDeploymentPostprocessing = 0;
		};
/* End PBXFrameworksBuildPhase section */

/* Begin PBXGroup section */
		041E2F242282C26600E796BD = {
			isa = PBXGroup;
			children = (
				041E2F2F2282C26600E796BD /* 02-动态数组(Dynamic) */,
				041E2F2E2282C26600E796BD /* Products */,
			);
			sourceTree = "<group>";
		};
		041E2F2E2282C26600E796BD /* Products */ = {
			isa = PBXGroup;
			children = (
				041E2F2D2282C26600E796BD /* 02-动态数组(Dynamic) */,
			);
			name = Products;
			sourceTree = "<group>";
		};
		041E2F2F2282C26600E796BD /* 02-动态数组(Dynamic) */ = {
			isa = PBXGroup;
			children = (
				041E2F302282C26600E796BD /* main.m */,
				041E2F372282C27800E796BD /* CWArrayList.h */,
				041E2F382282C27800E796BD /* CWArrayList.m */,
				041E2F3D2282C2FB00E796BD /* CWArrayListEModel.h */,
				041E2F3E2282C2FB00E796BD /* CWArrayListEModel.m */,
			);
			path = "02-动态数组(Dynamic)";
			sourceTree = "<group>";
		};
/* End PBXGroup section */

/* Begin PBXNativeTarget section */
		041E2F2C2282C26600E796BD /* 02-动态数组(Dynamic) */ = {
			isa = PBXNativeTarget;
			buildConfigurationList = 041E2F342282C26600E796BD /* Build configuration list for PBXNativeTarget "02-动态数组(Dynamic)" */;
			buildPhases = (
				041E2F292282C26600E796BD /* Sources */,
				041E2F2A2282C26600E796BD /* Frameworks */,
				041E2F2B2282C26600E796BD /* CopyFiles */,
			);
			buildRules = (
			);
			dependencies = (
			);
			name = "02-动态数组(Dynamic)";
			productName = "02-动态数组(Dynamic)";
			productReference = 041E2F2D2282C26600E796BD /* 02-动态数组(Dynamic) */;
			productType = "com.apple.product-type.tool";
		};
/* End PBXNativeTarget section */

/* Begin PBXProject section */
		041E2F252282C26600E796BD /* Project object */ = {
			isa = PBXProject;
			attributes = {
				LastUpgradeCheck = 0940;
				ORGANIZATIONNAME = mac;
				TargetAttributes = {
					041E2F2C2282C26600E796BD = {
						CreatedOnToolsVersion = 9.4;
					};
				};
			};
			buildConfigurationList = 041E2F282282C26600E796BD /* Build configuration list for PBXProject "02-动态数组(Dynamic)" */;
			compatibilityVersion = "Xcode 9.3";
			developmentRegion = en;
			hasScannedForEncodings = 0;
			knownRegions = (
				en,
			);
			mainGroup = 041E2F242282C26600E796BD;
			productRefGroup = 041E2F2E2282C26600E796BD /* Products */;
			projectDirPath = "";
			projectRoot = "";
			targets = (
				041E2F2C2282C26600E796BD /* 02-动态数组(Dynamic) */,
			);
		};
/* End PBXProject section */

/* Begin PBXSourcesBuildPhase section */
		041E2F292282C26600E796BD /* Sources */ = {
			isa = PBXSourcesBuildPhase;
			buildActionMask = 2147483647;
			files = (
				041E2F312282C26600E796BD /* main.m in Sources */,
				041E2F3F2282C2FB00E796BD /* CWArrayListEModel.m in Sources */,
				041E2F392282C27800E796BD /* CWArrayList.m in Sources */,
			);
			runOnlyForDeploymentPostprocessing = 0;
		};
/* End PBXSourcesBuildPhase section */

/* Begin XCBuildConfiguration section */
		041E2F322282C26600E796BD /* Debug */ = {
			isa = XCBuildConfiguration;
			buildSettings = {
				ALWAYS_SEARCH_USER_PATHS = NO;
				CLANG_ANALYZER_NONNULL = YES;
				CLANG_ANALYZER_NUMBER_OBJECT_CONVERSION = YES_AGGRESSIVE;
				CLANG_CXX_LANGUAGE_STANDARD = "gnu++14";
				CLANG_CXX_LIBRARY = "libc++";
				CLANG_ENABLE_MODULES = YES;
				CLANG_ENABLE_OBJC_ARC = YES;
				CLANG_ENABLE_OBJC_WEAK = YES;
				CLANG_WARN_BLOCK_CAPTURE_AUTORELEASING = YES;
				CLANG_WARN_BOOL_CONVERSION = YES;
				CLANG_WARN_COMMA = YES;
				CLANG_WARN_CONSTANT_CONVERSION = YES;
				CLANG_WARN_DEPRECATED_OBJC_IMPLEMENTATIONS = YES;
				CLANG_WARN_DIRECT_OBJC_ISA_USAGE = YES_ERROR;
				CLANG_WARN_DOCUMENTATION_COMMENTS = YES;
				CLANG_WARN_EMPTY_BODY = YES;
				CLANG_WARN_ENUM_CONVERSION = YES;
				CLANG_WARN_INFINITE_RECURSION = YES;
				CLANG_WARN_INT_CONVERSION = YES;
				CLANG_WARN_NON_LITERAL_NULL_CONVERSION = YES;
				CLANG_WARN_OBJC_IMPLICIT_RETAIN_SELF = YES;
				CLANG_WARN_OBJC_LITERAL_CONVERSION = YES;
				CLANG_WARN_OBJC_ROOT_CLASS = YES_ERROR;
				CLANG_WARN_RANGE_LOOP_ANALYSIS = YES;
				CLANG_WARN_STRICT_PROTOTYPES = YES;
				CLANG_WARN_SUSPICIOUS_MOVE = YES;
				CLANG_WARN_UNGUARDED_AVAILABILITY = YES_AGGRESSIVE;
				CLANG_WARN_UNREACHABLE_CODE = YES;
				CLANG_WARN__DUPLICATE_METHOD_MATCH = YES;
				CODE_SIGN_IDENTITY = "-";
				COPY_PHASE_STRIP = NO;
				DEBUG_INFORMATION_FORMAT = dwarf;
				ENABLE_STRICT_OBJC_MSGSEND = YES;
				ENABLE_TESTABILITY = YES;
				GCC_C_LANGUAGE_STANDARD = gnu11;
				GCC_DYNAMIC_NO_PIC = NO;
				GCC_NO_COMMON_BLOCKS = YES;
				GCC_OPTIMIZATION_LEVEL = 0;
				GCC_PREPROCESSOR_DEFINITIONS = (
					"DEBUG=1",
					"$(inherited)",
				);
				GCC_WARN_64_TO_32_BIT_CONVERSION = YES;
				GCC_WARN_ABOUT_RETURN_TYPE = YES_ERROR;
				GCC_WARN_UNDECLARED_SELECTOR = YES;
				GCC_WARN_UNINITIALIZED_AUTOS = YES_AGGRESSIVE;
				GCC_WARN_UNUSED_FUNCTION = YES;
				GCC_WARN_UNUSED_VARIABLE = YES;
				MACOSX_DEPLOYMENT_TARGET = 10.13;
				MTL_ENABLE_DEBUG_INFO = YES;
				ONLY_ACTIVE_ARCH = YES;
				SDKROOT = macosx;
			};
			name = Debug;
		};
		041E2F332282C26600E796BD /* Release */ = {
			isa = XCBuildConfiguration;
			buildSettings = {
				ALWAYS_SEARCH_USER_PATHS = NO;
				CLANG_ANALYZER_NONNULL = YES;
				CLANG_ANALYZER_NUMBER_OBJECT_CONVERSION = YES_AGGRESSIVE;
				CLANG_CXX_LANGUAGE_STANDARD = "gnu++14";
				CLANG_CXX_LIBRARY = "libc++";
				CLANG_ENABLE_MODULES = YES;
				CLANG_ENABLE_OBJC_ARC = YES;
				CLANG_ENABLE_OBJC_WEAK = YES;
				CLANG_WARN_BLOCK_CAPTURE_AUTORELEASING = YES;
				CLANG_WARN_BOOL_CONVERSION = YES;
				CLANG_WARN_COMMA = YES;
				CLANG_WARN_CONSTANT_CONVERSION = YES;
				CLANG_WARN_DEPRECATED_OBJC_IMPLEMENTATIONS = YES;
				CLANG_WARN_DIRECT_OBJC_ISA_USAGE = YES_ERROR;
				CLANG_WARN_DOCUMENTATION_COMMENTS = YES;
				CLANG_WARN_EMPTY_BODY = YES;
				CLANG_WARN_ENUM_CONVERSION = YES;
				CLANG_WARN_INFINITE_RECURSION = YES;
				CLANG_WARN_INT_CONVERSION = YES;
				CLANG_WARN_NON_LITERAL_NULL_CONVERSION = YES;
				CLANG_WARN_OBJC_IMPLICIT_RETAIN_SELF = YES;
				CLANG_WARN_OBJC_LITERAL_CONVERSION = YES;
				CLANG_WARN_OBJC_ROOT_CLASS = YES_ERROR;
				CLANG_WARN_RANGE_LOOP_ANALYSIS = YES;
				CLANG_WARN_STRICT_PROTOTYPES = YES;
				CLANG_WARN_SUSPICIOUS_MOVE = YES;
				CLANG_WARN_UNGUARDED_AVAILABILITY = YES_AGGRESSIVE;
				CLANG_WARN_UNREACHABLE_CODE = YES;
				CLANG_WARN__DUPLICATE_METHOD_MATCH = YES;
				CODE_SIGN_IDENTITY = "-";
				COPY_PHASE_STRIP = NO;
				DEBUG_INFORMATION_FORMAT = "dwarf-with-dsym";
				ENABLE_NS_ASSERTIONS = NO;
				ENABLE_STRICT_OBJC_MSGSEND = YES;
				GCC_C_LANGUAGE_STANDARD = gnu11;
				GCC_NO_COMMON_BLOCKS = YES;
				GCC_WARN_64_TO_32_BIT_CONVERSION = YES;
				GCC_WARN_ABOUT_RETURN_TYPE = YES_ERROR;
				GCC_WARN_UNDECLARED_SELECTOR = YES;
				GCC_WARN_UNINITIALIZED_AUTOS = YES_AGGRESSIVE;
				GCC_WARN_UNUSED_FUNCTION = YES;
				GCC_WARN_UNUSED_VARIABLE = YES;
				MACOSX_DEPLOYMENT_TARGET = 10.13;
				MTL_ENABLE_DEBUG_INFO = NO;
				SDKROOT = macosx;
			};
			name = Release;
		};
		041E2F352282C26600E796BD /* Debug */ = {
			isa = XCBuildConfiguration;
			buildSettings = {
				CODE_SIGN_STYLE = Automatic;
				PRODUCT_NAME = "$(TARGET_NAME)";
			};
			name = Debug;
		};
		041E2F362282C26600E796BD /* Release */ = {
			isa = XCBuildConfiguration;
			buildSettings = {
				CODE_SIGN_STYLE = Automatic;
				PRODUCT_NAME = "$(TARGET_NAME)";
			};
			name = Release;
		};
/* End XCBuildConfiguration section */

/* Begin XCConfigurationList section */
		041E2F282282C26600E796BD /* Build configuration list for PBXProject "02-动态数组(Dynamic)" */ = {
			isa = XCConfigurationList;
			buildConfigurations = (
				041E2F322282C26600E796BD /* Debug */,
				041E2F332282C26600E796BD /* Release */,
			);
			defaultConfigurationIsVisible = 0;
			defaultConfigurationName = Release;
		};
		041E2F342282C26600E796BD /* Build configuration list for PBXNativeTarget "02-动态数组(Dynamic)" */ = {
			isa = XCConfigurationList;
			buildConfigurations = (
				041E2F352282C26600E796BD /* Debug */,
				041E2F362282C26600E796BD /* Release */,
			);
			defaultConfigurationIsVisible = 0;
			defaultConfigurationName = Release;
		};
/* End XCConfigurationList section */
	};
	rootObject = 041E2F252282C26600E796BD /* Project object */;
}
