// !$*UTF8*$!
{
	archiveVersion = 1;
	classes = {
	};
	objectVersion = 50;
	objects = {

/* Begin PBXBuildFile section */
		049EBE952289709E00B5546E /* main.m in Sources */ = {isa = PBXBuildFile; fileRef = 049EBE942289709E00B5546E /* main.m */; };
		049EBEA02289747900B5546E /* CWSingleCycleNode.m in Sources */ = {isa = PBXBuildFile; fileRef = 049EBE9F2289747900B5546E /* CWSingleCycleNode.m */; };
		049EBEA32289754E00B5546E /* CWDoubleCycleNode.m in Sources */ = {isa = PBXBuildFile; fileRef = 049EBEA22289754E00B5546E /* CWDoubleCycleNode.m */; };
/* End PBXBuildFile section */

/* Begin PBXCopyFilesBuildPhase section */
		049EBE8F2289709E00B5546E /* CopyFiles */ = {
			isa = PBXCopyFilesBuildPhase;
			buildActionMask = 2147483647;
			dstPath = /usr/share/man/man1/;
			dstSubfolderSpec = 0;
			files = (
			);
			runOnlyForDeploymentPostprocessing = 1;
		};
/* End PBXCopyFilesBuildPhase section */

/* Begin PBXFileReference section */
		049EBE912289709E00B5546E /* 05-循环链表 */ = {isa = PBXFileReference; explicitFileType = "compiled.mach-o.executable"; includeInIndex = 0; path = "05-循环链表"; sourceTree = BUILT_PRODUCTS_DIR; };
		049EBE942289709E00B5546E /* main.m */ = {isa = PBXFileReference; lastKnownFileType = sourcecode.c.objc; path = main.m; sourceTree = "<group>"; };
		049EBE9E2289747900B5546E /* CWSingleCycleNode.h */ = {isa = PBXFileReference; lastKnownFileType = sourcecode.c.h; path = CWSingleCycleNode.h; sourceTree = "<group>"; };
		049EBE9F2289747900B5546E /* CWSingleCycleNode.m */ = {isa = PBXFileReference; lastKnownFileType = sourcecode.c.objc; path = CWSingleCycleNode.m; sourceTree = "<group>"; };
		049EBEA12289754E00B5546E /* CWDoubleCycleNode.h */ = {isa = PBXFileReference; lastKnownFileType = sourcecode.c.h; path = CWDoubleCycleNode.h; sourceTree = "<group>"; };
		049EBEA22289754E00B5546E /* CWDoubleCycleNode.m */ = {isa = PBXFileReference; lastKnownFileType = sourcecode.c.objc; path = CWDoubleCycleNode.m; sourceTree = "<group>"; };
/* End PBXFileReference section */

/* Begin PBXFrameworksBuildPhase section */
		049EBE8E2289709E00B5546E /* Frameworks */ = {
			isa = PBXFrameworksBuildPhase;
			buildActionMask = 2147483647;
			files = (
			);
			runOnlyForDeploymentPostprocessing = 0;
		};
/* End PBXFrameworksBuildPhase section */

/* Begin PBXGroup section */
		049EBE882289709E00B5546E = {
			isa = PBXGroup;
			children = (
				049EBE932289709E00B5546E /* 05-循环链表 */,
				049EBE922289709E00B5546E /* Products */,
			);
			sourceTree = "<group>";
		};
		049EBE922289709E00B5546E /* Products */ = {
			isa = PBXGroup;
			children = (
				049EBE912289709E00B5546E /* 05-循环链表 */,
			);
			name = Products;
			sourceTree = "<group>";
		};
		049EBE932289709E00B5546E /* 05-循环链表 */ = {
			isa = PBXGroup;
			children = (
				049EBE942289709E00B5546E /* main.m */,
				049EBE9E2289747900B5546E /* CWSingleCycleNode.h */,
				049EBE9F2289747900B5546E /* CWSingleCycleNode.m */,
				049EBEA12289754E00B5546E /* CWDoubleCycleNode.h */,
				049EBEA22289754E00B5546E /* CWDoubleCycleNode.m */,
			);
			path = "05-循环链表";
			sourceTree = "<group>";
		};
/* End PBXGroup section */

/* Begin PBXNativeTarget section */
		049EBE902289709E00B5546E /* 05-循环链表 */ = {
			isa = PBXNativeTarget;
			buildConfigurationList = 049EBE982289709E00B5546E /* Build configuration list for PBXNativeTarget "05-循环链表" */;
			buildPhases = (
				049EBE8D2289709E00B5546E /* Sources */,
				049EBE8E2289709E00B5546E /* Frameworks */,
				049EBE8F2289709E00B5546E /* CopyFiles */,
			);
			buildRules = (
			);
			dependencies = (
			);
			name = "05-循环链表";
			productName = "05-循环链表";
			productReference = 049EBE912289709E00B5546E /* 05-循环链表 */;
			productType = "com.apple.product-type.tool";
		};
/* End PBXNativeTarget section */

/* Begin PBXProject section */
		049EBE892289709E00B5546E /* Project object */ = {
			isa = PBXProject;
			attributes = {
				LastUpgradeCheck = 0940;
				ORGANIZATIONNAME = mac;
				TargetAttributes = {
					049EBE902289709E00B5546E = {
						CreatedOnToolsVersion = 9.4;
					};
				};
			};
			buildConfigurationList = 049EBE8C2289709E00B5546E /* Build configuration list for PBXProject "05-循环链表" */;
			compatibilityVersion = "Xcode 9.3";
			developmentRegion = en;
			hasScannedForEncodings = 0;
			knownRegions = (
				en,
			);
			mainGroup = 049EBE882289709E00B5546E;
			productRefGroup = 049EBE922289709E00B5546E /* Products */;
			projectDirPath = "";
			projectRoot = "";
			targets = (
				049EBE902289709E00B5546E /* 05-循环链表 */,
			);
		};
/* End PBXProject section */

/* Begin PBXSourcesBuildPhase section */
		049EBE8D2289709E00B5546E /* Sources */ = {
			isa = PBXSourcesBuildPhase;
			buildActionMask = 2147483647;
			files = (
				049EBE952289709E00B5546E /* main.m in Sources */,
				049EBEA32289754E00B5546E /* CWDoubleCycleNode.m in Sources */,
				049EBEA02289747900B5546E /* CWSingleCycleNode.m in Sources */,
			);
			runOnlyForDeploymentPostprocessing = 0;
		};
/* End PBXSourcesBuildPhase section */

/* Begin XCBuildConfiguration section */
		049EBE962289709E00B5546E /* Debug */ = {
			isa = XCBuildConfiguration;
			buildSettings = {
				ALWAYS_SEARCH_USER_PATHS = NO;
				CLANG_ANALYZER_NONNULL = YES;
				CLANG_ANALYZER_NUMBER_OBJECT_CONVERSION = YES_AGGRESSIVE;
				CLANG_CXX_LANGUAGE_STANDARD = "gnu++14";
				CLANG_CXX_LIBRARY = "libc++";
				CLANG_ENABLE_MODULES = YES;
				CLANG_ENABLE_OBJC_ARC = YES;
				CLANG_ENABLE_OBJC_WEAK = YES;
				CLANG_WARN_BLOCK_CAPTURE_AUTORELEASING = YES;
				CLANG_WARN_BOOL_CONVERSION = YES;
				CLANG_WARN_COMMA = YES;
				CLANG_WARN_CONSTANT_CONVERSION = YES;
				CLANG_WARN_DEPRECATED_OBJC_IMPLEMENTATIONS = YES;
				CLANG_WARN_DIRECT_OBJC_ISA_USAGE = YES_ERROR;
				CLANG_WARN_DOCUMENTATION_COMMENTS = YES;
				CLANG_WARN_EMPTY_BODY = YES;
				CLANG_WARN_ENUM_CONVERSION = YES;
				CLANG_WARN_INFINITE_RECURSION = YES;
				CLANG_WARN_INT_CONVERSION = YES;
				CLANG_WARN_NON_LITERAL_NULL_CONVERSION = YES;
				CLANG_WARN_OBJC_IMPLICIT_RETAIN_SELF = YES;
				CLANG_WARN_OBJC_LITERAL_CONVERSION = YES;
				CLANG_WARN_OBJC_ROOT_CLASS = YES_ERROR;
				CLANG_WARN_RANGE_LOOP_ANALYSIS = YES;
				CLANG_WARN_STRICT_PROTOTYPES = YES;
				CLANG_WARN_SUSPICIOUS_MOVE = YES;
				CLANG_WARN_UNGUARDED_AVAILABILITY = YES_AGGRESSIVE;
				CLANG_WARN_UNREACHABLE_CODE = YES;
				CLANG_WARN__DUPLICATE_METHOD_MATCH = YES;
				CODE_SIGN_IDENTITY = "-";
				COPY_PHASE_STRIP = NO;
				DEBUG_INFORMATION_FORMAT = dwarf;
				ENABLE_STRICT_OBJC_MSGSEND = YES;
				ENABLE_TESTABILITY = YES;
				GCC_C_LANGUAGE_STANDARD = gnu11;
				GCC_DYNAMIC_NO_PIC = NO;
				GCC_NO_COMMON_BLOCKS = YES;
				GCC_OPTIMIZATION_LEVEL = 0;
				GCC_PREPROCESSOR_DEFINITIONS = (
					"DEBUG=1",
					"$(inherited)",
				);
				GCC_WARN_64_TO_32_BIT_CONVERSION = YES;
				GCC_WARN_ABOUT_RETURN_TYPE = YES_ERROR;
				GCC_WARN_UNDECLARED_SELECTOR = YES;
				GCC_WARN_UNINITIALIZED_AUTOS = YES_AGGRESSIVE;
				GCC_WARN_UNUSED_FUNCTION = YES;
				GCC_WARN_UNUSED_VARIABLE = YES;
				MACOSX_DEPLOYMENT_TARGET = 10.13;
				MTL_ENABLE_DEBUG_INFO = YES;
				ONLY_ACTIVE_ARCH = YES;
				SDKROOT = macosx;
			};
			name = Debug;
		};
		049EBE972289709E00B5546E /* Release */ = {
			isa = XCBuildConfiguration;
			buildSettings = {
				ALWAYS_SEARCH_USER_PATHS = NO;
				CLANG_ANALYZER_NONNULL = YES;
				CLANG_ANALYZER_NUMBER_OBJECT_CONVERSION = YES_AGGRESSIVE;
				CLANG_CXX_LANGUAGE_STANDARD = "gnu++14";
				CLANG_CXX_LIBRARY = "libc++";
				CLANG_ENABLE_MODULES = YES;
				CLANG_ENABLE_OBJC_ARC = YES;
				CLANG_ENABLE_OBJC_WEAK = YES;
				CLANG_WARN_BLOCK_CAPTURE_AUTORELEASING = YES;
				CLANG_WARN_BOOL_CONVERSION = YES;
				CLANG_WARN_COMMA = YES;
				CLANG_WARN_CONSTANT_CONVERSION = YES;
				CLANG_WARN_DEPRECATED_OBJC_IMPLEMENTATIONS = YES;
				CLANG_WARN_DIRECT_OBJC_ISA_USAGE = YES_ERROR;
				CLANG_WARN_DOCUMENTATION_COMMENTS = YES;
				CLANG_WARN_EMPTY_BODY = YES;
				CLANG_WARN_ENUM_CONVERSION = YES;
				CLANG_WARN_INFINITE_RECURSION = YES;
				CLANG_WARN_INT_CONVERSION = YES;
				CLANG_WARN_NON_LITERAL_NULL_CONVERSION = YES;
				CLANG_WARN_OBJC_IMPLICIT_RETAIN_SELF = YES;
				CLANG_WARN_OBJC_LITERAL_CONVERSION = YES;
				CLANG_WARN_OBJC_ROOT_CLASS = YES_ERROR;
				CLANG_WARN_RANGE_LOOP_ANALYSIS = YES;
				CLANG_WARN_STRICT_PROTOTYPES = YES;
				CLANG_WARN_SUSPICIOUS_MOVE = YES;
				CLANG_WARN_UNGUARDED_AVAILABILITY = YES_AGGRESSIVE;
				CLANG_WARN_UNREACHABLE_CODE = YES;
				CLANG_WARN__DUPLICATE_METHOD_MATCH = YES;
				CODE_SIGN_IDENTITY = "-";
				COPY_PHASE_STRIP = NO;
				DEBUG_INFORMATION_FORMAT = "dwarf-with-dsym";
				ENABLE_NS_ASSERTIONS = NO;
				ENABLE_STRICT_OBJC_MSGSEND = YES;
				GCC_C_LANGUAGE_STANDARD = gnu11;
				GCC_NO_COMMON_BLOCKS = YES;
				GCC_WARN_64_TO_32_BIT_CONVERSION = YES;
				GCC_WARN_ABOUT_RETURN_TYPE = YES_ERROR;
				GCC_WARN_UNDECLARED_SELECTOR = YES;
				GCC_WARN_UNINITIALIZED_AUTOS = YES_AGGRESSIVE;
				GCC_WARN_UNUSED_FUNCTION = YES;
				GCC_WARN_UNUSED_VARIABLE = YES;
				MACOSX_DEPLOYMENT_TARGET = 10.13;
				MTL_ENABLE_DEBUG_INFO = NO;
				SDKROOT = macosx;
			};
			name = Release;
		};
		049EBE992289709E00B5546E /* Debug */ = {
			isa = XCBuildConfiguration;
			buildSettings = {
				CODE_SIGN_STYLE = Automatic;
				PRODUCT_NAME = "$(TARGET_NAME)";
			};
			name = Debug;
		};
		049EBE9A2289709E00B5546E /* Release */ = {
			isa = XCBuildConfiguration;
			buildSettings = {
				CODE_SIGN_STYLE = Automatic;
				PRODUCT_NAME = "$(TARGET_NAME)";
			};
			name = Release;
		};
/* End XCBuildConfiguration section */

/* Begin XCConfigurationList section */
		049EBE8C2289709E00B5546E /* Build configuration list for PBXProject "05-循环链表" */ = {
			isa = XCConfigurationList;
			buildConfigurations = (
				049EBE962289709E00B5546E /* Debug */,
				049EBE972289709E00B5546E /* Release */,
			);
			defaultConfigurationIsVisible = 0;
			defaultConfigurationName = Release;
		};
		049EBE982289709E00B5546E /* Build configuration list for PBXNativeTarget "05-循环链表" */ = {
			isa = XCConfigurationList;
			buildConfigurations = (
				049EBE992289709E00B5546E /* Debug */,
				049EBE9A2289709E00B5546E /* Release */,
			);
			defaultConfigurationIsVisible = 0;
			defaultConfigurationName = Release;
		};
/* End XCConfigurationList section */
	};
	rootObject = 049EBE892289709E00B5546E /* Project object */;
}
