// !$*UTF8*$!
{
	archiveVersion = 1;
	classes = {
	};
	objectVersion = 50;
	objects = {

/* Begin PBXBuildFile section */
		046C352C22827372006B7A1D /* main.m in Sources */ = {isa = PBXBuildFile; fileRef = 046C352B22827372006B7A1D /* main.m */; };
		046C3534228273F0006B7A1D /* CWTimeTool.m in Sources */ = {isa = PBXBuildFile; fileRef = 046C3533228273F0006B7A1D /* CWTimeTool.m */; };
		046C35372282AC80006B7A1D /* CWFibObject.m in Sources */ = {isa = PBXBuildFile; fileRef = 046C35362282AC80006B7A1D /* CWFibObject.m */; };
/* End PBXBuildFile section */

/* Begin PBXCopyFilesBuildPhase section */
		046C352622827372006B7A1D /* CopyFiles */ = {
			isa = PBXCopyFilesBuildPhase;
			buildActionMask = 2147483647;
			dstPath = /usr/share/man/man1/;
			dstSubfolderSpec = 0;
			files = (
			);
			runOnlyForDeploymentPostprocessing = 1;
		};
/* End PBXCopyFilesBuildPhase section */

/* Begin PBXFileReference section */
		046C352822827372006B7A1D /* 01-复杂度 */ = {isa = PBXFileReference; explicitFileType = "compiled.mach-o.executable"; includeInIndex = 0; path = "01-复杂度"; sourceTree = BUILT_PRODUCTS_DIR; };
		046C352B22827372006B7A1D /* main.m */ = {isa = PBXFileReference; lastKnownFileType = sourcecode.c.objc; path = main.m; sourceTree = "<group>"; };
		046C3532228273F0006B7A1D /* CWTimeTool.h */ = {isa = PBXFileReference; lastKnownFileType = sourcecode.c.h; path = CWTimeTool.h; sourceTree = "<group>"; };
		046C3533228273F0006B7A1D /* CWTimeTool.m */ = {isa = PBXFileReference; lastKnownFileType = sourcecode.c.objc; path = CWTimeTool.m; sourceTree = "<group>"; };
		046C35352282AC80006B7A1D /* CWFibObject.h */ = {isa = PBXFileReference; lastKnownFileType = sourcecode.c.h; path = CWFibObject.h; sourceTree = "<group>"; };
		046C35362282AC80006B7A1D /* CWFibObject.m */ = {isa = PBXFileReference; lastKnownFileType = sourcecode.c.objc; path = CWFibObject.m; sourceTree = "<group>"; };
/* End PBXFileReference section */

/* Begin PBXFrameworksBuildPhase section */
		046C352522827372006B7A1D /* Frameworks */ = {
			isa = PBXFrameworksBuildPhase;
			buildActionMask = 2147483647;
			files = (
			);
			runOnlyForDeploymentPostprocessing = 0;
		};
/* End PBXFrameworksBuildPhase section */

/* Begin PBXGroup section */
		046C351F22827372006B7A1D = {
			isa = PBXGroup;
			children = (
				046C352A22827372006B7A1D /* 01-复杂度 */,
				046C352922827372006B7A1D /* Products */,
			);
			sourceTree = "<group>";
		};
		046C352922827372006B7A1D /* Products */ = {
			isa = PBXGroup;
			children = (
				046C352822827372006B7A1D /* 01-复杂度 */,
			);
			name = Products;
			sourceTree = "<group>";
		};
		046C352A22827372006B7A1D /* 01-复杂度 */ = {
			isa = PBXGroup;
			children = (
				046C352B22827372006B7A1D /* main.m */,
				046C3532228273F0006B7A1D /* CWTimeTool.h */,
				046C3533228273F0006B7A1D /* CWTimeTool.m */,
				046C35352282AC80006B7A1D /* CWFibObject.h */,
				046C35362282AC80006B7A1D /* CWFibObject.m */,
			);
			path = "01-复杂度";
			sourceTree = "<group>";
		};
/* End PBXGroup section */

/* Begin PBXNativeTarget section */
		046C352722827372006B7A1D /* 01-复杂度 */ = {
			isa = PBXNativeTarget;
			buildConfigurationList = 046C352F22827372006B7A1D /* Build configuration list for PBXNativeTarget "01-复杂度" */;
			buildPhases = (
				046C352422827372006B7A1D /* Sources */,
				046C352522827372006B7A1D /* Frameworks */,
				046C352622827372006B7A1D /* CopyFiles */,
			);
			buildRules = (
			);
			dependencies = (
			);
			name = "01-复杂度";
			productName = "01-复杂度";
			productReference = 046C352822827372006B7A1D /* 01-复杂度 */;
			productType = "com.apple.product-type.tool";
		};
/* End PBXNativeTarget section */

/* Begin PBXProject section */
		046C352022827372006B7A1D /* Project object */ = {
			isa = PBXProject;
			attributes = {
				LastUpgradeCheck = 0940;
				ORGANIZATIONNAME = mac;
				TargetAttributes = {
					046C352722827372006B7A1D = {
						CreatedOnToolsVersion = 9.4;
					};
				};
			};
			buildConfigurationList = 046C352322827372006B7A1D /* Build configuration list for PBXProject "01-复杂度" */;
			compatibilityVersion = "Xcode 9.3";
			developmentRegion = en;
			hasScannedForEncodings = 0;
			knownRegions = (
				en,
			);
			mainGroup = 046C351F22827372006B7A1D;
			productRefGroup = 046C352922827372006B7A1D /* Products */;
			projectDirPath = "";
			projectRoot = "";
			targets = (
				046C352722827372006B7A1D /* 01-复杂度 */,
			);
		};
/* End PBXProject section */

/* Begin PBXSourcesBuildPhase section */
		046C352422827372006B7A1D /* Sources */ = {
			isa = PBXSourcesBuildPhase;
			buildActionMask = 2147483647;
			files = (
				046C35372282AC80006B7A1D /* CWFibObject.m in Sources */,
				046C3534228273F0006B7A1D /* CWTimeTool.m in Sources */,
				046C352C22827372006B7A1D /* main.m in Sources */,
			);
			runOnlyForDeploymentPostprocessing = 0;
		};
/* End PBXSourcesBuildPhase section */

/* Begin XCBuildConfiguration section */
		046C352D22827372006B7A1D /* Debug */ = {
			isa = XCBuildConfiguration;
			buildSettings = {
				ALWAYS_SEARCH_USER_PATHS = NO;
				CLANG_ANALYZER_NONNULL = YES;
				CLANG_ANALYZER_NUMBER_OBJECT_CONVERSION = YES_AGGRESSIVE;
				CLANG_CXX_LANGUAGE_STANDARD = "gnu++14";
				CLANG_CXX_LIBRARY = "libc++";
				CLANG_ENABLE_MODULES = YES;
				CLANG_ENABLE_OBJC_ARC = YES;
				CLANG_ENABLE_OBJC_WEAK = YES;
				CLANG_WARN_BLOCK_CAPTURE_AUTORELEASING = YES;
				CLANG_WARN_BOOL_CONVERSION = YES;
				CLANG_WARN_COMMA = YES;
				CLANG_WARN_CONSTANT_CONVERSION = YES;
				CLANG_WARN_DEPRECATED_OBJC_IMPLEMENTATIONS = YES;
				CLANG_WARN_DIRECT_OBJC_ISA_USAGE = YES_ERROR;
				CLANG_WARN_DOCUMENTATION_COMMENTS = YES;
				CLANG_WARN_EMPTY_BODY = YES;
				CLANG_WARN_ENUM_CONVERSION = YES;
				CLANG_WARN_INFINITE_RECURSION = YES;
				CLANG_WARN_INT_CONVERSION = YES;
				CLANG_WARN_NON_LITERAL_NULL_CONVERSION = YES;
				CLANG_WARN_OBJC_IMPLICIT_RETAIN_SELF = YES;
				CLANG_WARN_OBJC_LITERAL_CONVERSION = YES;
				CLANG_WARN_OBJC_ROOT_CLASS = YES_ERROR;
				CLANG_WARN_RANGE_LOOP_ANALYSIS = YES;
				CLANG_WARN_STRICT_PROTOTYPES = YES;
				CLANG_WARN_SUSPICIOUS_MOVE = YES;
				CLANG_WARN_UNGUARDED_AVAILABILITY = YES_AGGRESSIVE;
				CLANG_WARN_UNREACHABLE_CODE = YES;
				CLANG_WARN__DUPLICATE_METHOD_MATCH = YES;
				CODE_SIGN_IDENTITY = "-";
				COPY_PHASE_STRIP = NO;
				DEBUG_INFORMATION_FORMAT = dwarf;
				ENABLE_STRICT_OBJC_MSGSEND = YES;
				ENABLE_TESTABILITY = YES;
				GCC_C_LANGUAGE_STANDARD = gnu11;
				GCC_DYNAMIC_NO_PIC = NO;
				GCC_NO_COMMON_BLOCKS = YES;
				GCC_OPTIMIZATION_LEVEL = 0;
				GCC_PREPROCESSOR_DEFINITIONS = (
					"DEBUG=1",
					"$(inherited)",
				);
				GCC_WARN_64_TO_32_BIT_CONVERSION = YES;
				GCC_WARN_ABOUT_RETURN_TYPE = YES_ERROR;
				GCC_WARN_UNDECLARED_SELECTOR = YES;
				GCC_WARN_UNINITIALIZED_AUTOS = YES_AGGRESSIVE;
				GCC_WARN_UNUSED_FUNCTION = YES;
				GCC_WARN_UNUSED_VARIABLE = YES;
				MACOSX_DEPLOYMENT_TARGET = 10.13;
				MTL_ENABLE_DEBUG_INFO = YES;
				ONLY_ACTIVE_ARCH = YES;
				SDKROOT = macosx;
			};
			name = Debug;
		};
		046C352E22827372006B7A1D /* Release */ = {
			isa = XCBuildConfiguration;
			buildSettings = {
				ALWAYS_SEARCH_USER_PATHS = NO;
				CLANG_ANALYZER_NONNULL = YES;
				CLANG_ANALYZER_NUMBER_OBJECT_CONVERSION = YES_AGGRESSIVE;
				CLANG_CXX_LANGUAGE_STANDARD = "gnu++14";
				CLANG_CXX_LIBRARY = "libc++";
				CLANG_ENABLE_MODULES = YES;
				CLANG_ENABLE_OBJC_ARC = YES;
				CLANG_ENABLE_OBJC_WEAK = YES;
				CLANG_WARN_BLOCK_CAPTURE_AUTORELEASING = YES;
				CLANG_WARN_BOOL_CONVERSION = YES;
				CLANG_WARN_COMMA = YES;
				CLANG_WARN_CONSTANT_CONVERSION = YES;
				CLANG_WARN_DEPRECATED_OBJC_IMPLEMENTATIONS = YES;
				CLANG_WARN_DIRECT_OBJC_ISA_USAGE = YES_ERROR;
				CLANG_WARN_DOCUMENTATION_COMMENTS = YES;
				CLANG_WARN_EMPTY_BODY = YES;
				CLANG_WARN_ENUM_CONVERSION = YES;
				CLANG_WARN_INFINITE_RECURSION = YES;
				CLANG_WARN_INT_CONVERSION = YES;
				CLANG_WARN_NON_LITERAL_NULL_CONVERSION = YES;
				CLANG_WARN_OBJC_IMPLICIT_RETAIN_SELF = YES;
				CLANG_WARN_OBJC_LITERAL_CONVERSION = YES;
				CLANG_WARN_OBJC_ROOT_CLASS = YES_ERROR;
				CLANG_WARN_RANGE_LOOP_ANALYSIS = YES;
				CLANG_WARN_STRICT_PROTOTYPES = YES;
				CLANG_WARN_SUSPICIOUS_MOVE = YES;
				CLANG_WARN_UNGUARDED_AVAILABILITY = YES_AGGRESSIVE;
				CLANG_WARN_UNREACHABLE_CODE = YES;
				CLANG_WARN__DUPLICATE_METHOD_MATCH = YES;
				CODE_SIGN_IDENTITY = "-";
				COPY_PHASE_STRIP = NO;
				DEBUG_INFORMATION_FORMAT = "dwarf-with-dsym";
				ENABLE_NS_ASSERTIONS = NO;
				ENABLE_STRICT_OBJC_MSGSEND = YES;
				GCC_C_LANGUAGE_STANDARD = gnu11;
				GCC_NO_COMMON_BLOCKS = YES;
				GCC_WARN_64_TO_32_BIT_CONVERSION = YES;
				GCC_WARN_ABOUT_RETURN_TYPE = YES_ERROR;
				GCC_WARN_UNDECLARED_SELECTOR = YES;
				GCC_WARN_UNINITIALIZED_AUTOS = YES_AGGRESSIVE;
				GCC_WARN_UNUSED_FUNCTION = YES;
				GCC_WARN_UNUSED_VARIABLE = YES;
				MACOSX_DEPLOYMENT_TARGET = 10.13;
				MTL_ENABLE_DEBUG_INFO = NO;
				SDKROOT = macosx;
			};
			name = Release;
		};
		046C353022827372006B7A1D /* Debug */ = {
			isa = XCBuildConfiguration;
			buildSettings = {
				CODE_SIGN_STYLE = Automatic;
				PRODUCT_NAME = "$(TARGET_NAME)";
			};
			name = Debug;
		};
		046C353122827372006B7A1D /* Release */ = {
			isa = XCBuildConfiguration;
			buildSettings = {
				CODE_SIGN_STYLE = Automatic;
				PRODUCT_NAME = "$(TARGET_NAME)";
			};
			name = Release;
		};
/* End XCBuildConfiguration section */

/* Begin XCConfigurationList section */
		046C352322827372006B7A1D /* Build configuration list for PBXProject "01-复杂度" */ = {
			isa = XCConfigurationList;
			buildConfigurations = (
				046C352D22827372006B7A1D /* Debug */,
				046C352E22827372006B7A1D /* Release */,
			);
			defaultConfigurationIsVisible = 0;
			defaultConfigurationName = Release;
		};
		046C352F22827372006B7A1D /* Build configuration list for PBXNativeTarget "01-复杂度" */ = {
			isa = XCConfigurationList;
			buildConfigurations = (
				046C353022827372006B7A1D /* Debug */,
				046C353122827372006B7A1D /* Release */,
			);
			defaultConfigurationIsVisible = 0;
			defaultConfigurationName = Release;
		};
/* End XCConfigurationList section */
	};
	rootObject = 046C352022827372006B7A1D /* Project object */;
}
